
Microsoft Visual Studio Solution File, Format Version 12.00
# Visual Studio Version 17
VisualStudioVersion = 17.4.33213.308
MinimumVisualStudioVersion = 10.0.40219.1
Project("{FAE04EC0-301F-11D3-BF4B-00C04F79EFBC}") = "FontMaker", "FontMaker.csproj", "{9178804E-69ED-4308-848E-F5F6C3C7C078}"
EndProject
Global
	GlobalSection(SolutionConfigurationPlatforms) = preSolution
		Debug|Any CPU = Debug|Any CPU
		Release|Any CPU = Release|Any CPU
	EndGlobalSection
	GlobalSection(ProjectConfigurationPlatforms) = postSolution
		{9178804E-69ED-4308-848E-F5F6C3C7C078}.Debug|Any CPU.ActiveCfg = Debug|Any CPU
		{9178804E-69ED-4308-848E-F5F6C3C7C078}.Debug|Any CPU.Build.0 = Debug|Any CPU
		{9178804E-69ED-4308-848E-F5F6C3C7C078}.Release|Any CPU.ActiveCfg = Release|Any CPU
		{9178804E-69ED-4308-848E-F5F6C3C7C078}.Release|Any CPU.Build.0 = Release|Any CPU
	EndGlobalSection
	GlobalSection(SolutionProperties) = preSolution
		HideSolutionNode = FALSE
	EndGlobalSection
	GlobalSection(ExtensibilityGlobals) = postSolution
		SolutionGuid = {7758BBDA-A93A-46F3-96C5-357AB66A3E35}
	EndGlobalSection
EndGlobal
